
Microsoft Visual Studio Solution File, Format Version 12.00
# Visual Studio Version 17
VisualStudioVersion = 17.6.33723.286
MinimumVisualStudioVersion = 10.0.40219.1
Project("{FAE04EC0-301F-11D3-BF4B-00C04F79EFBC}") = "4 Zadanie", "4 Zadanie\4 Zadanie.csproj", "{D8F68EA9-5852-4ADB-BA21-6C6A3CC302F9}"
EndProject
Global
	GlobalSection(SolutionConfigurationPlatforms) = preSolution
		Debug|Any CPU = Debug|Any CPU
		Release|Any CPU = Release|Any CPU
	EndGlobalSection
	GlobalSection(ProjectConfigurationPlatforms) = postSolution
		{D8F68EA9-5852-4ADB-BA21-6C6A3CC302F9}.Debug|Any CPU.ActiveCfg = Debug|Any CPU
		{D8F68EA9-5852-4ADB-BA21-6C6A3CC302F9}.Debug|Any CPU.Build.0 = Debug|Any CPU
		{D8F68EA9-5852-4ADB-BA21-6C6A3CC302F9}.Release|Any CPU.ActiveCfg = Release|Any CPU
		{D8F68EA9-5852-4ADB-BA21-6C6A3CC302F9}.Release|Any CPU.Build.0 = Release|Any CPU
	EndGlobalSection
	GlobalSection(SolutionProperties) = preSolution
		HideSolutionNode = FALSE
	EndGlobalSection
	GlobalSection(ExtensibilityGlobals) = postSolution
		SolutionGuid = {7396A8B5-0B5F-45F6-8DE7-4FC2CB5E3179}
	EndGlobalSection
EndGlobal
