
Microsoft Visual Studio Solution File, Format Version 12.00
# Visual Studio Version 17
VisualStudioVersion = 17.6.33723.286
MinimumVisualStudioVersion = 10.0.40219.1
Project("{FAE04EC0-301F-11D3-BF4B-00C04F79EFBC}") = "1 Zadanie", "1 Zadanie\1 Zadanie.csproj", "{F8B99A6C-2B58-40CA-B652-322800C69DCC}"
EndProject
Global
	GlobalSection(SolutionConfigurationPlatforms) = preSolution
		Debug|Any CPU = Debug|Any CPU
		Release|Any CPU = Release|Any CPU
	EndGlobalSection
	GlobalSection(ProjectConfigurationPlatforms) = postSolution
		{F8B99A6C-2B58-40CA-B652-322800C69DCC}.Debug|Any CPU.ActiveCfg = Debug|Any CPU
		{F8B99A6C-2B58-40CA-B652-322800C69DCC}.Debug|Any CPU.Build.0 = Debug|Any CPU
		{F8B99A6C-2B58-40CA-B652-322800C69DCC}.Release|Any CPU.ActiveCfg = Release|Any CPU
		{F8B99A6C-2B58-40CA-B652-322800C69DCC}.Release|Any CPU.Build.0 = Release|Any CPU
	EndGlobalSection
	GlobalSection(SolutionProperties) = preSolution
		HideSolutionNode = FALSE
	EndGlobalSection
	GlobalSection(ExtensibilityGlobals) = postSolution
		SolutionGuid = {F43582DB-CA4C-486B-87AA-167D342EB535}
	EndGlobalSection
EndGlobal
