
Microsoft Visual Studio Solution File, Format Version 12.00
# Visual Studio Version 17
VisualStudioVersion = 17.6.33723.286
MinimumVisualStudioVersion = 10.0.40219.1
Project("{FAE04EC0-301F-11D3-BF4B-00C04F79EFBC}") = "2 Zadanie", "2 Zadanie\2 Zadanie.csproj", "{826BE502-04E2-4047-AB41-CBF37229799F}"
EndProject
Global
	GlobalSection(SolutionConfigurationPlatforms) = preSolution
		Debug|Any CPU = Debug|Any CPU
		Release|Any CPU = Release|Any CPU
	EndGlobalSection
	GlobalSection(ProjectConfigurationPlatforms) = postSolution
		{826BE502-04E2-4047-AB41-CBF37229799F}.Debug|Any CPU.ActiveCfg = Debug|Any CPU
		{826BE502-04E2-4047-AB41-CBF37229799F}.Debug|Any CPU.Build.0 = Debug|Any CPU
		{826BE502-04E2-4047-AB41-CBF37229799F}.Release|Any CPU.ActiveCfg = Release|Any CPU
		{826BE502-04E2-4047-AB41-CBF37229799F}.Release|Any CPU.Build.0 = Release|Any CPU
	EndGlobalSection
	GlobalSection(SolutionProperties) = preSolution
		HideSolutionNode = FALSE
	EndGlobalSection
	GlobalSection(ExtensibilityGlobals) = postSolution
		SolutionGuid = {81D70324-8419-4DCA-825B-926825A35A03}
	EndGlobalSection
EndGlobal
